
Microsoft Visual Studio Solution File, Format Version 12.00
# Visual Studio Version 17
VisualStudioVersion = 17.0.31903.59
MinimumVisualStudioVersion = 10.0.40219.1
Project("{9A19103F-16F7-4668-BE54-9A1E7A4F7556}") = "ImageToPdf", "ImageToPdf\ImageToPdf.csproj", "{62F66371-BF60-4D40-9B37-570D72FD29D2}"
EndProject
Project("{2150E333-8FDC-42A3-9474-1A3956D46DE8}") = "SolutionItems", "SolutionItems", "{C4B0793C-C4FB-4388-A820-B298C08FC8F2}"
	ProjectSection(SolutionItems) = preProject
		..\.gitignore = ..\.gitignore
		..\NuGet.Config = ..\NuGet.Config
		..\README.md = ..\README.md
	EndProjectSection
EndProject
Global
	GlobalSection(SolutionConfigurationPlatforms) = preSolution
		Debug|Any CPU = Debug|Any CPU
		Release|Any CPU = Release|Any CPU
	EndGlobalSection
	GlobalSection(ProjectConfigurationPlatforms) = postSolution
		{62F66371-BF60-4D40-9B37-570D72FD29D2}.Debug|Any CPU.ActiveCfg = Debug|Any CPU
		{62F66371-BF60-4D40-9B37-570D72FD29D2}.Debug|Any CPU.Build.0 = Debug|Any CPU
		{62F66371-BF60-4D40-9B37-570D72FD29D2}.Release|Any CPU.ActiveCfg = Release|Any CPU
		{62F66371-BF60-4D40-9B37-570D72FD29D2}.Release|Any CPU.Build.0 = Release|Any CPU
	EndGlobalSection
	GlobalSection(SolutionProperties) = preSolution
		HideSolutionNode = FALSE
	EndGlobalSection
	GlobalSection(ExtensibilityGlobals) = postSolution
		SolutionGuid = {E8780C39-A155-4039-B0A1-148351F50F98}
	EndGlobalSection
EndGlobal
